dependencies:
  espressif/bmi270:
    component_hash: a234ece0bea3595c45bb75f80449b823b366ca677aed6e3d4c35f14c90c4ace5
    dependencies:
    - name: idf
      require: private
      version: '>=5.2'
    - name: espressif/sensor_hub
      registry_url: https://components.espressif.com
      require: public
      version: ^0.1.4
    source:
      registry_url: https://components.espressif.com/
      type: service
    version: 1.1.0
  espressif/cmake_utilities:
    component_hash: 351350613ceafba240b761b4ea991e0f231ac7a9f59a9ee901f751bddc0bb18f
    dependencies:
    - name: idf
      require: private
      version: '>=4.1'
    source:
      registry_url: https://components.espressif.com
      type: service
    version: 0.5.3
  espressif/i2c_bus:
    component_hash: 483112c1619c54c38d0b734fb25f1678733267858a77b7af2f48cc7db6dbbd84
    dependencies:
    - name: espressif/cmake_utilities
      registry_url: https://components.espressif.com
      require: private
      version: '*'
    - name: idf
      require: private
      version: '>=4.0'
    source:
      registry_url: https://components.espressif.com
      type: service
    version: 1.5.2
  espressif/sensor_hub:
    component_hash: ea30db551c34aee2862482abf8b3164dd3855ecb4b4659b1e6878455c9cb9e22
    dependencies:
    - name: espressif/cmake_utilities
      registry_url: https://components.espressif.com
      require: private
      version: 0.*
    - name: espressif/i2c_bus
      registry_url: https://components.espressif.com
      require: public
      version: 1.*
    - name: idf
      require: private
      version: '>=4.4'
    source:
      registry_url: https://components.espressif.com
      type: service
    version: 0.1.5
  idf:
    source:
      type: idf
    version: 6.0.2
direct_dependencies:
- espressif/bmi270
- idf
manifest_hash: 8fc7a13eb55a7ae117c0fd47961ab0f05e5ffbbad907067d0bfb9914eb445d38
target: esp32
version: 3.0.0
